// !$*UTF8*$!
{
	archiveVersion = 1;
	classes = {
	};
	objectVersion = 46;
	objects = {

/* Begin PBXBuildFile section */
		550ACC7B1BF6514C00B50CBC /* Pizza.swift in Sources */ = {isa = PBXBuildFile; fileRef = 550ACC7A1BF6514C00B50CBC /* Pizza.swift */; };
		550ACC851BF7167900B50CBC /* pizza_cruj.png in Resources */ = {isa = PBXBuildFile; fileRef = 550ACC821BF7167900B50CBC /* pizza_cruj.png */; };
		550ACC861BF7167900B50CBC /* pizza_delg.png in Resources */ = {isa = PBXBuildFile; fileRef = 550ACC831BF7167900B50CBC /* pizza_delg.png */; };
		550ACC871BF7167900B50CBC /* pizza_gru.png in Resources */ = {isa = PBXBuildFile; fileRef = 550ACC841BF7167900B50CBC /* pizza_gru.png */; };
		55447C6D1BF71E0300CCD29D /* chesse_moza.png in Resources */ = {isa = PBXBuildFile; fileRef = 55447C6C1BF71E0300CCD29D /* chesse_moza.png */; };
		55447C711BF7221A00CCD29D /* chesse_ched.png in Resources */ = {isa = PBXBuildFile; fileRef = 55447C6E1BF7221A00CCD29D /* chesse_ched.png */; };
		55447C721BF7221A00CCD29D /* chesse_not.png in Resources */ = {isa = PBXBuildFile; fileRef = 55447C6F1BF7221A00CCD29D /* chesse_not.png */; };
		55447C731BF7221A00CCD29D /* chesse_parm.png in Resources */ = {isa = PBXBuildFile; fileRef = 55447C701BF7221A00CCD29D /* chesse_parm.png */; };
		55447C771BF7258C00CCD29D /* pizza_gran.png in Resources */ = {isa = PBXBuildFile; fileRef = 55447C741BF7258C00CCD29D /* pizza_gran.png */; };
		55447C781BF7258C00CCD29D /* pizza_med.png in Resources */ = {isa = PBXBuildFile; fileRef = 55447C751BF7258C00CCD29D /* pizza_med.png */; };
		55447C791BF7258C00CCD29D /* pizza_peq.png in Resources */ = {isa = PBXBuildFile; fileRef = 55447C761BF7258C00CCD29D /* pizza_peq.png */; };
		55F2BE4D1BF5DC8F00ED5F91 /* AppDelegate.swift in Sources */ = {isa = PBXBuildFile; fileRef = 55F2BE4C1BF5DC8F00ED5F91 /* AppDelegate.swift */; };
		55F2BE541BF5DC8F00ED5F91 /* Assets.xcassets in Resources */ = {isa = PBXBuildFile; fileRef = 55F2BE531BF5DC8F00ED5F91 /* Assets.xcassets */; };
		55F2BE571BF5DC8F00ED5F91 /* LaunchScreen.storyboard in Resources */ = {isa = PBXBuildFile; fileRef = 55F2BE551BF5DC8F00ED5F91 /* LaunchScreen.storyboard */; };
		55F2BE5F1BF5DCFF00ED5F91 /* SizeViewController.swift in Sources */ = {isa = PBXBuildFile; fileRef = 55F2BE5E1BF5DCFF00ED5F91 /* SizeViewController.swift */; };
		55F2BE611BF5DD6700ED5F91 /* BaseViewController.swift in Sources */ = {isa = PBXBuildFile; fileRef = 55F2BE601BF5DD6700ED5F91 /* BaseViewController.swift */; };
		55F2BE631BF5DD8F00ED5F91 /* CheeseViewController.swift in Sources */ = {isa = PBXBuildFile; fileRef = 55F2BE621BF5DD8F00ED5F91 /* CheeseViewController.swift */; };
		55F2BE651BF5DDD900ED5F91 /* IngredientsViewController.swift in Sources */ = {isa = PBXBuildFile; fileRef = 55F2BE641BF5DDD900ED5F91 /* IngredientsViewController.swift */; };
		55F2BE671BF5DE3100ED5F91 /* ConfirmationViewController.swift in Sources */ = {isa = PBXBuildFile; fileRef = 55F2BE661BF5DE3100ED5F91 /* ConfirmationViewController.swift */; };
		55F2BE701BF5FFE500ED5F91 /* Main.storyboard in Resources */ = {isa = PBXBuildFile; fileRef = 55F2BE6F1BF5FFE500ED5F91 /* Main.storyboard */; };
/* End PBXBuildFile section */

/* Begin PBXFileReference section */
		550ACC7A1BF6514C00B50CBC /* Pizza.swift */ = {isa = PBXFileReference; fileEncoding = 4; lastKnownFileType = sourcecode.swift; path = Pizza.swift; sourceTree = "<group>"; };
		550ACC821BF7167900B50CBC /* pizza_cruj.png */ = {isa = PBXFileReference; lastKnownFileType = image.png; path = pizza_cruj.png; sourceTree = "<group>"; };
		550ACC831BF7167900B50CBC /* pizza_delg.png */ = {isa = PBXFileReference; lastKnownFileType = image.png; path = pizza_delg.png; sourceTree = "<group>"; };
		550ACC841BF7167900B50CBC /* pizza_gru.png */ = {isa = PBXFileReference; lastKnownFileType = image.png; path = pizza_gru.png; sourceTree = "<group>"; };
		55447C6C1BF71E0300CCD29D /* chesse_moza.png */ = {isa = PBXFileReference; lastKnownFileType = image.png; path = chesse_moza.png; sourceTree = "<group>"; };
		55447C6E1BF7221A00CCD29D /* chesse_ched.png */ = {isa = PBXFileReference; lastKnownFileType = image.png; path = chesse_ched.png; sourceTree = "<group>"; };
		55447C6F1BF7221A00CCD29D /* chesse_not.png */ = {isa = PBXFileReference; lastKnownFileType = image.png; path = chesse_not.png; sourceTree = "<group>"; };
		55447C701BF7221A00CCD29D /* chesse_parm.png */ = {isa = PBXFileReference; lastKnownFileType = image.png; path = chesse_parm.png; sourceTree = "<group>"; };
		55447C741BF7258C00CCD29D /* pizza_gran.png */ = {isa = PBXFileReference; lastKnownFileType = image.png; path = pizza_gran.png; sourceTree = "<group>"; };
		55447C751BF7258C00CCD29D /* pizza_med.png */ = {isa = PBXFileReference; lastKnownFileType = image.png; path = pizza_med.png; sourceTree = "<group>"; };
		55447C761BF7258C00CCD29D /* pizza_peq.png */ = {isa = PBXFileReference; lastKnownFileType = image.png; path = pizza_peq.png; sourceTree = "<group>"; };
		55F2BE491BF5DC8F00ED5F91 /* PizzaCreator.app */ = {isa = PBXFileReference; explicitFileType = wrapper.application; includeInIndex = 0; path = PizzaCreator.app; sourceTree = BUILT_PRODUCTS_DIR; };
		55F2BE4C1BF5DC8F00ED5F91 /* AppDelegate.swift */ = {isa = PBXFileReference; lastKnownFileType = sourcecode.swift; path = AppDelegate.swift; sourceTree = "<group>"; };
		55F2BE531BF5DC8F00ED5F91 /* Assets.xcassets */ = {isa = PBXFileReference; lastKnownFileType = folder.assetcatalog; path = Assets.xcassets; sourceTree = "<group>"; };
		55F2BE561BF5DC8F00ED5F91 /* Base */ = {isa = PBXFileReference; lastKnownFileType = file.storyboard; name = Base; path = Base.lproj/LaunchScreen.storyboard; sourceTree = "<group>"; };
		55F2BE581BF5DC8F00ED5F91 /* Info.plist */ = {isa = PBXFileReference; lastKnownFileType = text.plist.xml; path = Info.plist; sourceTree = "<group>"; };
		55F2BE5E1BF5DCFF00ED5F91 /* SizeViewController.swift */ = {isa = PBXFileReference; fileEncoding = 4; lastKnownFileType = sourcecode.swift; path = SizeViewController.swift; sourceTree = "<group>"; };
		55F2BE601BF5DD6700ED5F91 /* BaseViewController.swift */ = {isa = PBXFileReference; fileEncoding = 4; lastKnownFileType = sourcecode.swift; path = BaseViewController.swift; sourceTree = "<group>"; };
		55F2BE621BF5DD8F00ED5F91 /* CheeseViewController.swift */ = {isa = PBXFileReference; fileEncoding = 4; lastKnownFileType = sourcecode.swift; path = CheeseViewController.swift; sourceTree = "<group>"; };
		55F2BE641BF5DDD900ED5F91 /* IngredientsViewController.swift */ = {isa = PBXFileReference; fileEncoding = 4; lastKnownFileType = sourcecode.swift; path = IngredientsViewController.swift; sourceTree = "<group>"; };
		55F2BE661BF5DE3100ED5F91 /* ConfirmationViewController.swift */ = {isa = PBXFileReference; fileEncoding = 4; lastKnownFileType = sourcecode.swift; path = ConfirmationViewController.swift; sourceTree = "<group>"; };
		55F2BE6F1BF5FFE500ED5F91 /* Main.storyboard */ = {isa = PBXFileReference; fileEncoding = 4; lastKnownFileType = file.storyboard; path = Main.storyboard; sourceTree = "<group>"; };
/* End PBXFileReference section */

/* Begin PBXFrameworksBuildPhase section */
		55F2BE461BF5DC8F00ED5F91 /* Frameworks */ = {
			isa = PBXFrameworksBuildPhase;
			buildActionMask = 2147483647;
			files = (
			);
			runOnlyForDeploymentPostprocessing = 0;
		};
/* End PBXFrameworksBuildPhase section */

/* Begin PBXGroup section */
		55447C7A1BF7510200CCD29D /* Model */ = {
			isa = PBXGroup;
			children = (
				550ACC7A1BF6514C00B50CBC /* Pizza.swift */,
			);
			name = Model;
			sourceTree = "<group>";
		};
		55447C7B1BF7510D00CCD29D /* View */ = {
			isa = PBXGroup;
			children = (
				55F2BE6F1BF5FFE500ED5F91 /* Main.storyboard */,
			);
			name = View;
			sourceTree = "<group>";
		};
		55447C7C1BF7512200CCD29D /* Controller */ = {
			isa = PBXGroup;
			children = (
				55F2BE5E1BF5DCFF00ED5F91 /* SizeViewController.swift */,
				55F2BE601BF5DD6700ED5F91 /* BaseViewController.swift */,
				55F2BE621BF5DD8F00ED5F91 /* CheeseViewController.swift */,
				55F2BE641BF5DDD900ED5F91 /* IngredientsViewController.swift */,
				55F2BE661BF5DE3100ED5F91 /* ConfirmationViewController.swift */,
			);
			name = Controller;
			sourceTree = "<group>";
		};
		55F2BE401BF5DC8F00ED5F91 = {
			isa = PBXGroup;
			children = (
				55F2BE4B1BF5DC8F00ED5F91 /* PizzaCreator */,
				55F2BE4A1BF5DC8F00ED5F91 /* Products */,
			);
			sourceTree = "<group>";
		};
		55F2BE4A1BF5DC8F00ED5F91 /* Products */ = {
			isa = PBXGroup;
			children = (
				55F2BE491BF5DC8F00ED5F91 /* PizzaCreator.app */,
			);
			name = Products;
			sourceTree = "<group>";
		};
		55F2BE4B1BF5DC8F00ED5F91 /* PizzaCreator */ = {
			isa = PBXGroup;
			children = (
				55447C7A1BF7510200CCD29D /* Model */,
				55447C7B1BF7510D00CCD29D /* View */,
				55447C7C1BF7512200CCD29D /* Controller */,
				55F2BE4C1BF5DC8F00ED5F91 /* AppDelegate.swift */,
				55F2BE531BF5DC8F00ED5F91 /* Assets.xcassets */,
				55F2BE551BF5DC8F00ED5F91 /* LaunchScreen.storyboard */,
				55F2BE581BF5DC8F00ED5F91 /* Info.plist */,
				55F2BE681BF5FDC300ED5F91 /* Assets */,
			);
			path = PizzaCreator;
			sourceTree = "<group>";
		};
		55F2BE681BF5FDC300ED5F91 /* Assets */ = {
			isa = PBXGroup;
			children = (
				55447C741BF7258C00CCD29D /* pizza_gran.png */,
				55447C751BF7258C00CCD29D /* pizza_med.png */,
				55447C761BF7258C00CCD29D /* pizza_peq.png */,
				55447C6E1BF7221A00CCD29D /* chesse_ched.png */,
				55447C6F1BF7221A00CCD29D /* chesse_not.png */,
				55447C701BF7221A00CCD29D /* chesse_parm.png */,
				55447C6C1BF71E0300CCD29D /* chesse_moza.png */,
				550ACC821BF7167900B50CBC /* pizza_cruj.png */,
				550ACC831BF7167900B50CBC /* pizza_delg.png */,
				550ACC841BF7167900B50CBC /* pizza_gru.png */,
			);
			name = Assets;
			sourceTree = "<group>";
		};
/* End PBXGroup section */

/* Begin PBXNativeTarget section */
		55F2BE481BF5DC8F00ED5F91 /* PizzaCreator */ = {
			isa = PBXNativeTarget;
			buildConfigurationList = 55F2BE5B1BF5DC8F00ED5F91 /* Build configuration list for PBXNativeTarget "PizzaCreator" */;
			buildPhases = (
				55F2BE451BF5DC8F00ED5F91 /* Sources */,
				55F2BE461BF5DC8F00ED5F91 /* Frameworks */,
				55F2BE471BF5DC8F00ED5F91 /* Resources */,
			);
			buildRules = (
			);
			dependencies = (
			);
			name = PizzaCreator;
			productName = PizzaCreator;
			productReference = 55F2BE491BF5DC8F00ED5F91 /* PizzaCreator.app */;
			productType = "com.apple.product-type.application";
		};
/* End PBXNativeTarget section */

/* Begin PBXProject section */
		55F2BE411BF5DC8F00ED5F91 /* Project object */ = {
			isa = PBXProject;
			attributes = {
				LastSwiftUpdateCheck = 0710;
				LastUpgradeCheck = 0710;
				ORGANIZATIONNAME = "Óscar Calles Sáez";
				TargetAttributes = {
					55F2BE481BF5DC8F00ED5F91 = {
						CreatedOnToolsVersion = 7.1;
						DevelopmentTeam = AMGQSUVHBZ;
					};
				};
			};
			buildConfigurationList = 55F2BE441BF5DC8F00ED5F91 /* Build configuration list for PBXProject "PizzaCreator" */;
			compatibilityVersion = "Xcode 3.2";
			developmentRegion = English;
			hasScannedForEncodings = 0;
			knownRegions = (
				en,
				Base,
			);
			mainGroup = 55F2BE401BF5DC8F00ED5F91;
			productRefGroup = 55F2BE4A1BF5DC8F00ED5F91 /* Products */;
			projectDirPath = "";
			projectRoot = "";
			targets = (
				55F2BE481BF5DC8F00ED5F91 /* PizzaCreator */,
			);
		};
/* End PBXProject section */

/* Begin PBXResourcesBuildPhase section */
		55F2BE471BF5DC8F00ED5F91 /* Resources */ = {
			isa = PBXResourcesBuildPhase;
			buildActionMask = 2147483647;
			files = (
				55447C721BF7221A00CCD29D /* chesse_not.png in Resources */,
				55447C731BF7221A00CCD29D /* chesse_parm.png in Resources */,
				55F2BE571BF5DC8F00ED5F91 /* LaunchScreen.storyboard in Resources */,
				55447C781BF7258C00CCD29D /* pizza_med.png in Resources */,
				55447C6D1BF71E0300CCD29D /* chesse_moza.png in Resources */,
				55F2BE541BF5DC8F00ED5F91 /* Assets.xcassets in Resources */,
				55447C791BF7258C00CCD29D /* pizza_peq.png in Resources */,
				550ACC861BF7167900B50CBC /* pizza_delg.png in Resources */,
				55447C771BF7258C00CCD29D /* pizza_gran.png in Resources */,
				55F2BE701BF5FFE500ED5F91 /* Main.storyboard in Resources */,
				550ACC871BF7167900B50CBC /* pizza_gru.png in Resources */,
				55447C711BF7221A00CCD29D /* chesse_ched.png in Resources */,
				550ACC851BF7167900B50CBC /* pizza_cruj.png in Resources */,
			);
			runOnlyForDeploymentPostprocessing = 0;
		};
/* End PBXResourcesBuildPhase section */

/* Begin PBXSourcesBuildPhase section */
		55F2BE451BF5DC8F00ED5F91 /* Sources */ = {
			isa = PBXSourcesBuildPhase;
			buildActionMask = 2147483647;
			files = (
				550ACC7B1BF6514C00B50CBC /* Pizza.swift in Sources */,
				55F2BE671BF5DE3100ED5F91 /* ConfirmationViewController.swift in Sources */,
				55F2BE651BF5DDD900ED5F91 /* IngredientsViewController.swift in Sources */,
				55F2BE4D1BF5DC8F00ED5F91 /* AppDelegate.swift in Sources */,
				55F2BE631BF5DD8F00ED5F91 /* CheeseViewController.swift in Sources */,
				55F2BE5F1BF5DCFF00ED5F91 /* SizeViewController.swift in Sources */,
				55F2BE611BF5DD6700ED5F91 /* BaseViewController.swift in Sources */,
			);
			runOnlyForDeploymentPostprocessing = 0;
		};
/* End PBXSourcesBuildPhase section */

/* Begin PBXVariantGroup section */
		55F2BE551BF5DC8F00ED5F91 /* LaunchScreen.storyboard */ = {
			isa = PBXVariantGroup;
			children = (
				55F2BE561BF5DC8F00ED5F91 /* Base */,
			);
			name = LaunchScreen.storyboard;
			sourceTree = "<group>";
		};
/* End PBXVariantGroup section */

/* Begin XCBuildConfiguration section */
		55F2BE591BF5DC8F00ED5F91 /* Debug */ = {
			isa = XCBuildConfiguration;
			buildSettings = {
				ALWAYS_SEARCH_USER_PATHS = NO;
				CLANG_CXX_LANGUAGE_STANDARD = "gnu++0x";
				CLANG_CXX_LIBRARY = "libc++";
				CLANG_ENABLE_MODULES = YES;
				CLANG_ENABLE_OBJC_ARC = YES;
				CLANG_WARN_BOOL_CONVERSION = YES;
				CLANG_WARN_CONSTANT_CONVERSION = YES;
				CLANG_WARN_DIRECT_OBJC_ISA_USAGE = YES_ERROR;
				CLANG_WARN_EMPTY_BODY = YES;
				CLANG_WARN_ENUM_CONVERSION = YES;
				CLANG_WARN_INT_CONVERSION = YES;
				CLANG_WARN_OBJC_ROOT_CLASS = YES_ERROR;
				CLANG_WARN_UNREACHABLE_CODE = YES;
				CLANG_WARN__DUPLICATE_METHOD_MATCH = YES;
				"CODE_SIGN_IDENTITY[sdk=iphoneos*]" = "iPhone Developer";
				COPY_PHASE_STRIP = NO;
				DEBUG_INFORMATION_FORMAT = dwarf;
				ENABLE_STRICT_OBJC_MSGSEND = YES;
				ENABLE_TESTABILITY = YES;
				GCC_C_LANGUAGE_STANDARD = gnu99;
				GCC_DYNAMIC_NO_PIC = NO;
				GCC_NO_COMMON_BLOCKS = YES;
				GCC_OPTIMIZATION_LEVEL = 0;
				GCC_PREPROCESSOR_DEFINITIONS = (
					"DEBUG=1",
					"$(inherited)",
				);
				GCC_WARN_64_TO_32_BIT_CONVERSION = YES;
				GCC_WARN_ABOUT_RETURN_TYPE = YES_ERROR;
				GCC_WARN_UNDECLARED_SELECTOR = YES;
				GCC_WARN_UNINITIALIZED_AUTOS = YES_AGGRESSIVE;
				GCC_WARN_UNUSED_FUNCTION = YES;
				GCC_WARN_UNUSED_VARIABLE = YES;
				IPHONEOS_DEPLOYMENT_TARGET = 9.1;
				MTL_ENABLE_DEBUG_INFO = YES;
				ONLY_ACTIVE_ARCH = YES;
				SDKROOT = iphoneos;
				SWIFT_OPTIMIZATION_LEVEL = "-Onone";
				TARGETED_DEVICE_FAMILY = "1,2";
			};
			name = Debug;
		};
		55F2BE5A1BF5DC8F00ED5F91 /* Release */ = {
			isa = XCBuildConfiguration;
			buildSettings = {
				ALWAYS_SEARCH_USER_PATHS = NO;
				CLANG_CXX_LANGUAGE_STANDARD = "gnu++0x";
				CLANG_CXX_LIBRARY = "libc++";
				CLANG_ENABLE_MODULES = YES;
				CLANG_ENABLE_OBJC_ARC = YES;
				CLANG_WARN_BOOL_CONVERSION = YES;
				CLANG_WARN_CONSTANT_CONVERSION = YES;
				CLANG_WARN_DIRECT_OBJC_ISA_USAGE = YES_ERROR;
				CLANG_WARN_EMPTY_BODY = YES;
				CLANG_WARN_ENUM_CONVERSION = YES;
				CLANG_WARN_INT_CONVERSION = YES;
				CLANG_WARN_OBJC_ROOT_CLASS = YES_ERROR;
				CLANG_WARN_UNREACHABLE_CODE = YES;
				CLANG_WARN__DUPLICATE_METHOD_MATCH = YES;
				"CODE_SIGN_IDENTITY[sdk=iphoneos*]" = "iPhone Developer";
				COPY_PHASE_STRIP = NO;
				DEBUG_INFORMATION_FORMAT = "dwarf-with-dsym";
				ENABLE_NS_ASSERTIONS = NO;
				ENABLE_STRICT_OBJC_MSGSEND = YES;
				GCC_C_LANGUAGE_STANDARD = gnu99;
				GCC_NO_COMMON_BLOCKS = YES;
				GCC_WARN_64_TO_32_BIT_CONVERSION = YES;
				GCC_WARN_ABOUT_RETURN_TYPE = YES_ERROR;
				GCC_WARN_UNDECLARED_SELECTOR = YES;
				GCC_WARN_UNINITIALIZED_AUTOS = YES_AGGRESSIVE;
				GCC_WARN_UNUSED_FUNCTION = YES;
				GCC_WARN_UNUSED_VARIABLE = YES;
				IPHONEOS_DEPLOYMENT_TARGET = 9.1;
				MTL_ENABLE_DEBUG_INFO = NO;
				SDKROOT = iphoneos;
				TARGETED_DEVICE_FAMILY = "1,2";
				VALIDATE_PRODUCT = YES;
			};
			name = Release;
		};
		55F2BE5C1BF5DC8F00ED5F91 /* Debug */ = {
			isa = XCBuildConfiguration;
			buildSettings = {
				ASSETCATALOG_COMPILER_APPICON_NAME = AppIcon;
				INFOPLIST_FILE = PizzaCreator/Info.plist;
				LD_RUNPATH_SEARCH_PATHS = "$(inherited) @executable_path/Frameworks";
				PRODUCT_BUNDLE_IDENTIFIER = com.leguasoft.PizzaCreator;
				PRODUCT_NAME = "$(TARGET_NAME)";
			};
			name = Debug;
		};
		55F2BE5D1BF5DC8F00ED5F91 /* Release */ = {
			isa = XCBuildConfiguration;
			buildSettings = {
				ASSETCATALOG_COMPILER_APPICON_NAME = AppIcon;
				INFOPLIST_FILE = PizzaCreator/Info.plist;
				LD_RUNPATH_SEARCH_PATHS = "$(inherited) @executable_path/Frameworks";
				PRODUCT_BUNDLE_IDENTIFIER = com.leguasoft.PizzaCreator;
				PRODUCT_NAME = "$(TARGET_NAME)";
			};
			name = Release;
		};
/* End XCBuildConfiguration section */

/* Begin XCConfigurationList section */
		55F2BE441BF5DC8F00ED5F91 /* Build configuration list for PBXProject "PizzaCreator" */ = {
			isa = XCConfigurationList;
			buildConfigurations = (
				55F2BE591BF5DC8F00ED5F91 /* Debug */,
				55F2BE5A1BF5DC8F00ED5F91 /* Release */,
			);
			defaultConfigurationIsVisible = 0;
			defaultConfigurationName = Release;
		};
		55F2BE5B1BF5DC8F00ED5F91 /* Build configuration list for PBXNativeTarget "PizzaCreator" */ = {
			isa = XCConfigurationList;
			buildConfigurations = (
				55F2BE5C1BF5DC8F00ED5F91 /* Debug */,
				55F2BE5D1BF5DC8F00ED5F91 /* Release */,
			);
			defaultConfigurationIsVisible = 0;
			defaultConfigurationName = Release;
		};
/* End XCConfigurationList section */
	};
	rootObject = 55F2BE411BF5DC8F00ED5F91 /* Project object */;
}
